
Microsoft Visual Studio Solution File, Format Version 12.00
# Visual Studio Version 17
VisualStudioVersion = 17.13.35806.99
MinimumVisualStudioVersion = 10.0.40219.1
Project("{FAE04EC0-301F-11D3-BF4B-00C04F79EFBC}") = "XboxAchievements", "XboxAchievements\XboxAchievements.csproj", "{F1A89F1B-D646-4E7F-AA3A-C3BC91D7902D}"
EndProject
Project("{FAE04EC0-301F-11D3-BF4B-00C04F79EFBC}") = "XboxHome2", "XboHome2\XboxHome2.csproj", "{1328FADF-9EB5-45D8-A0AC-8982A07DD7FF}"
EndProject
Project("{FAE04EC0-301F-11D3-BF4B-00C04F79EFBC}") = "XboxHome", "XboxHome\XboxHome.csproj", "{6C006052-BC88-3ADB-D18A-9AA8A5AFAD79}"
EndProject
Project("{FAE04EC0-301F-11D3-BF4B-00C04F79EFBC}") = "XboxMessages", "XboxMessages\XboxMessages.csproj", "{6106FF57-49FC-4D35-8D7E-FCDECFB8F9CA}"
EndProject
Project("{FAE04EC0-301F-11D3-BF4B-00C04F79EFBC}") = "XboxSettings", "XboxSettings\XboxSettings.csproj", "{729AE9FB-FE7E-4D95-8D47-0EA754A659DB}"
EndProject
Project("{FAE04EC0-301F-11D3-BF4B-00C04F79EFBC}") = "XboxMusic", "XboxMusic\XboxMusic.csproj", "{EAE0068A-9B11-4F0E-B55A-ED63B53F69DF}"
EndProject
Project("{2150E333-8FDC-42A3-9474-1A3956D46DE8}") = "ModernNET", "ModernNET", "{67E0BE28-D589-4A4A-8C44-977D10E2085D}"
EndProject
Project("{FAE04EC0-301F-11D3-BF4B-00C04F79EFBC}") = "XboxMusicModern2", "XboxMusicModern2\XboxMusicModern2.csproj", "{9A6CADB5-CC09-4D78-B49C-5DC298261D32}"
EndProject
Project("{FAE04EC0-301F-11D3-BF4B-00C04F79EFBC}") = "XboxMessages", "ModernNET\XboxMessages\XboxMessages.csproj", "{89ACA2D9-DD8F-445C-AC63-845B0F3C4C9D}"
EndProject
Project("{2150E333-8FDC-42A3-9474-1A3956D46DE8}") = "GlobalSources", "GlobalSources", "{02EA681E-C7D8-13C7-8484-4AC65E1B71E8}"
EndProject
Global
	GlobalSection(SolutionConfigurationPlatforms) = preSolution
		Debug|arm64 = Debug|arm64
		Debug|x64 = Debug|x64
		Debug|x86 = Debug|x86
		Release|arm64 = Release|arm64
		Release|x64 = Release|x64
		Release|x86 = Release|x86
	EndGlobalSection
	GlobalSection(ProjectConfigurationPlatforms) = postSolution
		{F1A89F1B-D646-4E7F-AA3A-C3BC91D7902D}.Debug|arm64.ActiveCfg = Debug|ARM64
		{F1A89F1B-D646-4E7F-AA3A-C3BC91D7902D}.Debug|arm64.Build.0 = Debug|ARM64
		{F1A89F1B-D646-4E7F-AA3A-C3BC91D7902D}.Debug|arm64.Deploy.0 = Debug|ARM64
		{F1A89F1B-D646-4E7F-AA3A-C3BC91D7902D}.Debug|x64.ActiveCfg = Debug|x64
		{F1A89F1B-D646-4E7F-AA3A-C3BC91D7902D}.Debug|x64.Build.0 = Debug|x64
		{F1A89F1B-D646-4E7F-AA3A-C3BC91D7902D}.Debug|x64.Deploy.0 = Debug|x64
		{F1A89F1B-D646-4E7F-AA3A-C3BC91D7902D}.Debug|x86.ActiveCfg = Debug|x86
		{F1A89F1B-D646-4E7F-AA3A-C3BC91D7902D}.Debug|x86.Build.0 = Debug|x86
		{F1A89F1B-D646-4E7F-AA3A-C3BC91D7902D}.Debug|x86.Deploy.0 = Debug|x86
		{F1A89F1B-D646-4E7F-AA3A-C3BC91D7902D}.Release|arm64.ActiveCfg = Release|ARM64
		{F1A89F1B-D646-4E7F-AA3A-C3BC91D7902D}.Release|arm64.Build.0 = Release|ARM64
		{F1A89F1B-D646-4E7F-AA3A-C3BC91D7902D}.Release|arm64.Deploy.0 = Release|ARM64
		{F1A89F1B-D646-4E7F-AA3A-C3BC91D7902D}.Release|x64.ActiveCfg = Release|x64
		{F1A89F1B-D646-4E7F-AA3A-C3BC91D7902D}.Release|x64.Build.0 = Release|x64
		{F1A89F1B-D646-4E7F-AA3A-C3BC91D7902D}.Release|x64.Deploy.0 = Release|x64
		{F1A89F1B-D646-4E7F-AA3A-C3BC91D7902D}.Release|x86.ActiveCfg = Release|x86
		{F1A89F1B-D646-4E7F-AA3A-C3BC91D7902D}.Release|x86.Build.0 = Release|x86
		{F1A89F1B-D646-4E7F-AA3A-C3BC91D7902D}.Release|x86.Deploy.0 = Release|x86
		{1328FADF-9EB5-45D8-A0AC-8982A07DD7FF}.Debug|arm64.ActiveCfg = Debug|ARM64
		{1328FADF-9EB5-45D8-A0AC-8982A07DD7FF}.Debug|arm64.Build.0 = Debug|ARM64
		{1328FADF-9EB5-45D8-A0AC-8982A07DD7FF}.Debug|arm64.Deploy.0 = Debug|ARM64
		{1328FADF-9EB5-45D8-A0AC-8982A07DD7FF}.Debug|x64.ActiveCfg = Debug|x64
		{1328FADF-9EB5-45D8-A0AC-8982A07DD7FF}.Debug|x64.Build.0 = Debug|x64
		{1328FADF-9EB5-45D8-A0AC-8982A07DD7FF}.Debug|x64.Deploy.0 = Debug|x64
		{1328FADF-9EB5-45D8-A0AC-8982A07DD7FF}.Debug|x86.ActiveCfg = Debug|x86
		{1328FADF-9EB5-45D8-A0AC-8982A07DD7FF}.Debug|x86.Build.0 = Debug|x86
		{1328FADF-9EB5-45D8-A0AC-8982A07DD7FF}.Debug|x86.Deploy.0 = Debug|x86
		{1328FADF-9EB5-45D8-A0AC-8982A07DD7FF}.Release|arm64.ActiveCfg = Release|ARM64
		{1328FADF-9EB5-45D8-A0AC-8982A07DD7FF}.Release|arm64.Build.0 = Release|ARM64
		{1328FADF-9EB5-45D8-A0AC-8982A07DD7FF}.Release|arm64.Deploy.0 = Release|ARM64
		{1328FADF-9EB5-45D8-A0AC-8982A07DD7FF}.Release|x64.ActiveCfg = Release|x64
		{1328FADF-9EB5-45D8-A0AC-8982A07DD7FF}.Release|x64.Build.0 = Release|x64
		{1328FADF-9EB5-45D8-A0AC-8982A07DD7FF}.Release|x64.Deploy.0 = Release|x64
		{1328FADF-9EB5-45D8-A0AC-8982A07DD7FF}.Release|x86.ActiveCfg = Release|x86
		{1328FADF-9EB5-45D8-A0AC-8982A07DD7FF}.Release|x86.Build.0 = Release|x86
		{1328FADF-9EB5-45D8-A0AC-8982A07DD7FF}.Release|x86.Deploy.0 = Release|x86
		{6C006052-BC88-3ADB-D18A-9AA8A5AFAD79}.Debug|arm64.ActiveCfg = Debug|arm64
		{6C006052-BC88-3ADB-D18A-9AA8A5AFAD79}.Debug|arm64.Build.0 = Debug|arm64
		{6C006052-BC88-3ADB-D18A-9AA8A5AFAD79}.Debug|arm64.Deploy.0 = Debug|arm64
		{6C006052-BC88-3ADB-D18A-9AA8A5AFAD79}.Debug|x64.ActiveCfg = Debug|x64
		{6C006052-BC88-3ADB-D18A-9AA8A5AFAD79}.Debug|x64.Build.0 = Debug|x64
		{6C006052-BC88-3ADB-D18A-9AA8A5AFAD79}.Debug|x64.Deploy.0 = Debug|x64
		{6C006052-BC88-3ADB-D18A-9AA8A5AFAD79}.Debug|x86.ActiveCfg = Debug|x86
		{6C006052-BC88-3ADB-D18A-9AA8A5AFAD79}.Debug|x86.Build.0 = Debug|x86
		{6C006052-BC88-3ADB-D18A-9AA8A5AFAD79}.Debug|x86.Deploy.0 = Debug|x86
		{6C006052-BC88-3ADB-D18A-9AA8A5AFAD79}.Release|arm64.ActiveCfg = Release|arm64
		{6C006052-BC88-3ADB-D18A-9AA8A5AFAD79}.Release|arm64.Build.0 = Release|arm64
		{6C006052-BC88-3ADB-D18A-9AA8A5AFAD79}.Release|arm64.Deploy.0 = Release|arm64
		{6C006052-BC88-3ADB-D18A-9AA8A5AFAD79}.Release|x64.ActiveCfg = Release|x64
		{6C006052-BC88-3ADB-D18A-9AA8A5AFAD79}.Release|x64.Build.0 = Release|x64
		{6C006052-BC88-3ADB-D18A-9AA8A5AFAD79}.Release|x64.Deploy.0 = Release|x64
		{6C006052-BC88-3ADB-D18A-9AA8A5AFAD79}.Release|x86.ActiveCfg = Release|x86
		{6C006052-BC88-3ADB-D18A-9AA8A5AFAD79}.Release|x86.Build.0 = Release|x86
		{6C006052-BC88-3ADB-D18A-9AA8A5AFAD79}.Release|x86.Deploy.0 = Release|x86
		{6106FF57-49FC-4D35-8D7E-FCDECFB8F9CA}.Debug|arm64.ActiveCfg = Debug|ARM64
		{6106FF57-49FC-4D35-8D7E-FCDECFB8F9CA}.Debug|arm64.Build.0 = Debug|ARM64
		{6106FF57-49FC-4D35-8D7E-FCDECFB8F9CA}.Debug|arm64.Deploy.0 = Debug|ARM64
		{6106FF57-49FC-4D35-8D7E-FCDECFB8F9CA}.Debug|x64.ActiveCfg = Debug|x64
		{6106FF57-49FC-4D35-8D7E-FCDECFB8F9CA}.Debug|x64.Build.0 = Debug|x64
		{6106FF57-49FC-4D35-8D7E-FCDECFB8F9CA}.Debug|x64.Deploy.0 = Debug|x64
		{6106FF57-49FC-4D35-8D7E-FCDECFB8F9CA}.Debug|x86.ActiveCfg = Debug|x86
		{6106FF57-49FC-4D35-8D7E-FCDECFB8F9CA}.Debug|x86.Build.0 = Debug|x86
		{6106FF57-49FC-4D35-8D7E-FCDECFB8F9CA}.Debug|x86.Deploy.0 = Debug|x86
		{6106FF57-49FC-4D35-8D7E-FCDECFB8F9CA}.Release|arm64.ActiveCfg = Release|ARM64
		{6106FF57-49FC-4D35-8D7E-FCDECFB8F9CA}.Release|arm64.Build.0 = Release|ARM64
		{6106FF57-49FC-4D35-8D7E-FCDECFB8F9CA}.Release|arm64.Deploy.0 = Release|ARM64
		{6106FF57-49FC-4D35-8D7E-FCDECFB8F9CA}.Release|x64.ActiveCfg = Release|x64
		{6106FF57-49FC-4D35-8D7E-FCDECFB8F9CA}.Release|x64.Build.0 = Release|x64
		{6106FF57-49FC-4D35-8D7E-FCDECFB8F9CA}.Release|x64.Deploy.0 = Release|x64
		{6106FF57-49FC-4D35-8D7E-FCDECFB8F9CA}.Release|x86.ActiveCfg = Release|x86
		{6106FF57-49FC-4D35-8D7E-FCDECFB8F9CA}.Release|x86.Build.0 = Release|x86
		{6106FF57-49FC-4D35-8D7E-FCDECFB8F9CA}.Release|x86.Deploy.0 = Release|x86
		{729AE9FB-FE7E-4D95-8D47-0EA754A659DB}.Debug|arm64.ActiveCfg = Debug|ARM64
		{729AE9FB-FE7E-4D95-8D47-0EA754A659DB}.Debug|arm64.Build.0 = Debug|ARM64
		{729AE9FB-FE7E-4D95-8D47-0EA754A659DB}.Debug|arm64.Deploy.0 = Debug|ARM64
		{729AE9FB-FE7E-4D95-8D47-0EA754A659DB}.Debug|x64.ActiveCfg = Debug|x64
		{729AE9FB-FE7E-4D95-8D47-0EA754A659DB}.Debug|x64.Build.0 = Debug|x64
		{729AE9FB-FE7E-4D95-8D47-0EA754A659DB}.Debug|x64.Deploy.0 = Debug|x64
		{729AE9FB-FE7E-4D95-8D47-0EA754A659DB}.Debug|x86.ActiveCfg = Debug|x86
		{729AE9FB-FE7E-4D95-8D47-0EA754A659DB}.Debug|x86.Build.0 = Debug|x86
		{729AE9FB-FE7E-4D95-8D47-0EA754A659DB}.Debug|x86.Deploy.0 = Debug|x86
		{729AE9FB-FE7E-4D95-8D47-0EA754A659DB}.Release|arm64.ActiveCfg = Release|ARM64
		{729AE9FB-FE7E-4D95-8D47-0EA754A659DB}.Release|arm64.Build.0 = Release|ARM64
		{729AE9FB-FE7E-4D95-8D47-0EA754A659DB}.Release|arm64.Deploy.0 = Release|ARM64
		{729AE9FB-FE7E-4D95-8D47-0EA754A659DB}.Release|x64.ActiveCfg = Release|x64
		{729AE9FB-FE7E-4D95-8D47-0EA754A659DB}.Release|x64.Build.0 = Release|x64
		{729AE9FB-FE7E-4D95-8D47-0EA754A659DB}.Release|x64.Deploy.0 = Release|x64
		{729AE9FB-FE7E-4D95-8D47-0EA754A659DB}.Release|x86.ActiveCfg = Release|x86
		{729AE9FB-FE7E-4D95-8D47-0EA754A659DB}.Release|x86.Build.0 = Release|x86
		{729AE9FB-FE7E-4D95-8D47-0EA754A659DB}.Release|x86.Deploy.0 = Release|x86
		{EAE0068A-9B11-4F0E-B55A-ED63B53F69DF}.Debug|arm64.ActiveCfg = Debug|ARM64
		{EAE0068A-9B11-4F0E-B55A-ED63B53F69DF}.Debug|arm64.Build.0 = Debug|ARM64
		{EAE0068A-9B11-4F0E-B55A-ED63B53F69DF}.Debug|arm64.Deploy.0 = Debug|ARM64
		{EAE0068A-9B11-4F0E-B55A-ED63B53F69DF}.Debug|x64.ActiveCfg = Debug|x64
		{EAE0068A-9B11-4F0E-B55A-ED63B53F69DF}.Debug|x64.Build.0 = Debug|x64
		{EAE0068A-9B11-4F0E-B55A-ED63B53F69DF}.Debug|x64.Deploy.0 = Debug|x64
		{EAE0068A-9B11-4F0E-B55A-ED63B53F69DF}.Debug|x86.ActiveCfg = Debug|x86
		{EAE0068A-9B11-4F0E-B55A-ED63B53F69DF}.Debug|x86.Build.0 = Debug|x86
		{EAE0068A-9B11-4F0E-B55A-ED63B53F69DF}.Debug|x86.Deploy.0 = Debug|x86
		{EAE0068A-9B11-4F0E-B55A-ED63B53F69DF}.Release|arm64.ActiveCfg = Release|ARM64
		{EAE0068A-9B11-4F0E-B55A-ED63B53F69DF}.Release|arm64.Build.0 = Release|ARM64
		{EAE0068A-9B11-4F0E-B55A-ED63B53F69DF}.Release|arm64.Deploy.0 = Release|ARM64
		{EAE0068A-9B11-4F0E-B55A-ED63B53F69DF}.Release|x64.ActiveCfg = Release|x64
		{EAE0068A-9B11-4F0E-B55A-ED63B53F69DF}.Release|x64.Build.0 = Release|x64
		{EAE0068A-9B11-4F0E-B55A-ED63B53F69DF}.Release|x64.Deploy.0 = Release|x64
		{EAE0068A-9B11-4F0E-B55A-ED63B53F69DF}.Release|x86.ActiveCfg = Release|x86
		{EAE0068A-9B11-4F0E-B55A-ED63B53F69DF}.Release|x86.Build.0 = Release|x86
		{EAE0068A-9B11-4F0E-B55A-ED63B53F69DF}.Release|x86.Deploy.0 = Release|x86
		{9A6CADB5-CC09-4D78-B49C-5DC298261D32}.Debug|arm64.ActiveCfg = Debug|arm64
		{9A6CADB5-CC09-4D78-B49C-5DC298261D32}.Debug|arm64.Build.0 = Debug|arm64
		{9A6CADB5-CC09-4D78-B49C-5DC298261D32}.Debug|arm64.Deploy.0 = Debug|arm64
		{9A6CADB5-CC09-4D78-B49C-5DC298261D32}.Debug|x64.ActiveCfg = Debug|x64
		{9A6CADB5-CC09-4D78-B49C-5DC298261D32}.Debug|x64.Build.0 = Debug|x64
		{9A6CADB5-CC09-4D78-B49C-5DC298261D32}.Debug|x64.Deploy.0 = Debug|x64
		{9A6CADB5-CC09-4D78-B49C-5DC298261D32}.Debug|x86.ActiveCfg = Debug|x86
		{9A6CADB5-CC09-4D78-B49C-5DC298261D32}.Debug|x86.Build.0 = Debug|x86
		{9A6CADB5-CC09-4D78-B49C-5DC298261D32}.Debug|x86.Deploy.0 = Debug|x86
		{9A6CADB5-CC09-4D78-B49C-5DC298261D32}.Release|arm64.ActiveCfg = Release|arm64
		{9A6CADB5-CC09-4D78-B49C-5DC298261D32}.Release|arm64.Build.0 = Release|arm64
		{9A6CADB5-CC09-4D78-B49C-5DC298261D32}.Release|arm64.Deploy.0 = Release|arm64
		{9A6CADB5-CC09-4D78-B49C-5DC298261D32}.Release|x64.ActiveCfg = Release|x64
		{9A6CADB5-CC09-4D78-B49C-5DC298261D32}.Release|x64.Build.0 = Release|x64
		{9A6CADB5-CC09-4D78-B49C-5DC298261D32}.Release|x64.Deploy.0 = Release|x64
		{9A6CADB5-CC09-4D78-B49C-5DC298261D32}.Release|x86.ActiveCfg = Release|x86
		{9A6CADB5-CC09-4D78-B49C-5DC298261D32}.Release|x86.Build.0 = Release|x86
		{9A6CADB5-CC09-4D78-B49C-5DC298261D32}.Release|x86.Deploy.0 = Release|x86
		{89ACA2D9-DD8F-445C-AC63-845B0F3C4C9D}.Debug|arm64.ActiveCfg = Debug|arm64
		{89ACA2D9-DD8F-445C-AC63-845B0F3C4C9D}.Debug|arm64.Build.0 = Debug|arm64
		{89ACA2D9-DD8F-445C-AC63-845B0F3C4C9D}.Debug|arm64.Deploy.0 = Debug|arm64
		{89ACA2D9-DD8F-445C-AC63-845B0F3C4C9D}.Debug|x64.ActiveCfg = Debug|x64
		{89ACA2D9-DD8F-445C-AC63-845B0F3C4C9D}.Debug|x64.Build.0 = Debug|x64
		{89ACA2D9-DD8F-445C-AC63-845B0F3C4C9D}.Debug|x64.Deploy.0 = Debug|x64
		{89ACA2D9-DD8F-445C-AC63-845B0F3C4C9D}.Debug|x86.ActiveCfg = Debug|x86
		{89ACA2D9-DD8F-445C-AC63-845B0F3C4C9D}.Debug|x86.Build.0 = Debug|x86
		{89ACA2D9-DD8F-445C-AC63-845B0F3C4C9D}.Debug|x86.Deploy.0 = Debug|x86
		{89ACA2D9-DD8F-445C-AC63-845B0F3C4C9D}.Release|arm64.ActiveCfg = Release|arm64
		{89ACA2D9-DD8F-445C-AC63-845B0F3C4C9D}.Release|arm64.Build.0 = Release|arm64
		{89ACA2D9-DD8F-445C-AC63-845B0F3C4C9D}.Release|arm64.Deploy.0 = Release|arm64
		{89ACA2D9-DD8F-445C-AC63-845B0F3C4C9D}.Release|x64.ActiveCfg = Release|x64
		{89ACA2D9-DD8F-445C-AC63-845B0F3C4C9D}.Release|x64.Build.0 = Release|x64
		{89ACA2D9-DD8F-445C-AC63-845B0F3C4C9D}.Release|x64.Deploy.0 = Release|x64
		{89ACA2D9-DD8F-445C-AC63-845B0F3C4C9D}.Release|x86.ActiveCfg = Release|x86
		{89ACA2D9-DD8F-445C-AC63-845B0F3C4C9D}.Release|x86.Build.0 = Release|x86
		{89ACA2D9-DD8F-445C-AC63-845B0F3C4C9D}.Release|x86.Deploy.0 = Release|x86
	EndGlobalSection
	GlobalSection(SolutionProperties) = preSolution
		HideSolutionNode = FALSE
	EndGlobalSection
	GlobalSection(NestedProjects) = preSolution
		{9A6CADB5-CC09-4D78-B49C-5DC298261D32} = {67E0BE28-D589-4A4A-8C44-977D10E2085D}
		{89ACA2D9-DD8F-445C-AC63-845B0F3C4C9D} = {67E0BE28-D589-4A4A-8C44-977D10E2085D}
	EndGlobalSection
	GlobalSection(ExtensibilityGlobals) = postSolution
		SolutionGuid = {F8756F82-0170-49F6-9D82-590360B11AB1}
	EndGlobalSection
EndGlobal
